
Microsoft Visual Studio Solution File, Format Version 12.00
# Visual Studio Version 17
VisualStudioVersion = 17.3.32922.545
MinimumVisualStudioVersion = 10.0.40219.1
Project("{9A19103F-16F7-4668-BE54-9A1E7A4F7556}") = "LabbCleanCode", "LabbCleanCode\LabbCleanCode.csproj", "{FC6032A9-9B6A-4F63-96B1-D8F2581579EE}"
EndProject
Project("{FAE04EC0-301F-11D3-BF4B-00C04F79EFBC}") = "LabbCleanCodeTests", "LabbCleanCodeTests1\LabbCleanCodeTests.csproj", "{D73AA7B0-898C-4CD1-936D-7AB298AD7C83}"
EndProject
Global
	GlobalSection(SolutionConfigurationPlatforms) = preSolution
		Debug|Any CPU = Debug|Any CPU
		Release|Any CPU = Release|Any CPU
	EndGlobalSection
	GlobalSection(ProjectConfigurationPlatforms) = postSolution
		{FC6032A9-9B6A-4F63-96B1-D8F2581579EE}.Debug|Any CPU.ActiveCfg = Debug|Any CPU
		{FC6032A9-9B6A-4F63-96B1-D8F2581579EE}.Debug|Any CPU.Build.0 = Debug|Any CPU
		{FC6032A9-9B6A-4F63-96B1-D8F2581579EE}.Release|Any CPU.ActiveCfg = Release|Any CPU
		{FC6032A9-9B6A-4F63-96B1-D8F2581579EE}.Release|Any CPU.Build.0 = Release|Any CPU
		{D73AA7B0-898C-4CD1-936D-7AB298AD7C83}.Debug|Any CPU.ActiveCfg = Debug|Any CPU
		{D73AA7B0-898C-4CD1-936D-7AB298AD7C83}.Debug|Any CPU.Build.0 = Debug|Any CPU
		{D73AA7B0-898C-4CD1-936D-7AB298AD7C83}.Release|Any CPU.ActiveCfg = Release|Any CPU
		{D73AA7B0-898C-4CD1-936D-7AB298AD7C83}.Release|Any CPU.Build.0 = Release|Any CPU
	EndGlobalSection
	GlobalSection(SolutionProperties) = preSolution
		HideSolutionNode = FALSE
	EndGlobalSection
	GlobalSection(ExtensibilityGlobals) = postSolution
		SolutionGuid = {DD156AB6-96C9-4BD3-8F86-42E4297C72E6}
	EndGlobalSection
EndGlobal
